{
	"name": "toolbox",
	"version": "1.0.0",
	"lockfileVersion": 3,
	"requires": true,
	"packages": {
		"": {
			"name": "toolbox",
			"version": "1.0.0",
			"license": "ISC",
			"devDependencies": {
				"@csark0812/skeleton": "file:../skeleton"
			}
		},
		"../skeleton": {
			"name": "@csark0812/skeleton",
			"version": "1.1.0",
			"dev": true,
			"dependencies": {
				"ajv": "^8.17.1",
				"github-slugger": "^2.0.0",
				"remark": "^15.0.1",
				"remark-gfm": "^4.0.1",
				"tinyglobby": "^0.2.14",
				"unist-util-visit": "^5.0.0",
				"yaml": "^2.8.0"
			},
			"bin": {
				"skeleton": "dist/cli.js"
			},
			"devDependencies": {
				"@types/bun": "^1.3.8",
				"@types/github-slugger": "^2.0.0",
				"typescript": "~5.8.3"
			},
			"engines": {
				"node": ">=22"
			}
		},
		"node_modules/@csark0812/skeleton": {
			"resolved": "../skeleton",
			"link": true
		}
	}
}
